// !$*UTF8*$!
{
	archiveVersion = 1;
	classes = {
	};
	objectVersion = 56;
	objects = {

/* Begin PBXBuildFile section */
		E51298B42909689E00C3A764 /* AppDelegate.swift in Sources */ = {isa = PBXBuildFile; fileRef = E51298B32909689E00C3A764 /* AppDelegate.swift */; };
		E51298B62909689E00C3A764 /* SceneDelegate.swift in Sources */ = {isa = PBXBuildFile; fileRef = E51298B52909689E00C3A764 /* SceneDelegate.swift */; };
		E51298B82909689E00C3A764 /* ViewController.swift in Sources */ = {isa = PBXBuildFile; fileRef = E51298B72909689E00C3A764 /* ViewController.swift */; };
		E51298BD2909689F00C3A764 /* Assets.xcassets in Resources */ = {isa = PBXBuildFile; fileRef = E51298BC2909689F00C3A764 /* Assets.xcassets */; };
		E51298C829096C6000C3A764 /* Preview.swift in Sources */ = {isa = PBXBuildFile; fileRef = E51298C729096C6000C3A764 /* Preview.swift */; };
		E51298CA2909715B00C3A764 /* DescriptionSymbol.swift in Sources */ = {isa = PBXBuildFile; fileRef = E51298C92909715B00C3A764 /* DescriptionSymbol.swift */; };
		E51E039129187442005A2AEC /* PinnedCell.swift in Sources */ = {isa = PBXBuildFile; fileRef = E51E039029187442005A2AEC /* PinnedCell.swift */; };
		E5D7055A2909743200A23251 /* Then in Frameworks */ = {isa = PBXBuildFile; productRef = E5D705592909743200A23251 /* Then */; };
		E5D7055F2909FFEF00A23251 /* SnapKit in Frameworks */ = {isa = PBXBuildFile; productRef = E5D7055E2909FFEF00A23251 /* SnapKit */; };
		E5D70561290A007B00A23251 /* BaseViewController.swift in Sources */ = {isa = PBXBuildFile; fileRef = E5D70560290A007B00A23251 /* BaseViewController.swift */; };
		E5D70563290A485000A23251 /* DescriptionView.swift in Sources */ = {isa = PBXBuildFile; fileRef = E5D70562290A485000A23251 /* DescriptionView.swift */; };
		E5D70566290A494000A23251 /* NavigationSymbol.swift in Sources */ = {isa = PBXBuildFile; fileRef = E5D70565290A494000A23251 /* NavigationSymbol.swift */; };
		E5F3FD17290A7D0F00FBA0C4 /* MenuView.swift in Sources */ = {isa = PBXBuildFile; fileRef = E5F3FD16290A7D0F00FBA0C4 /* MenuView.swift */; };
		E5F3FD19290A7D3200FBA0C4 /* MenuSymbol.swift in Sources */ = {isa = PBXBuildFile; fileRef = E5F3FD18290A7D3200FBA0C4 /* MenuSymbol.swift */; };
		E5F3FD1C290A910F00FBA0C4 /* Extensions+CALayer.swift in Sources */ = {isa = PBXBuildFile; fileRef = E5F3FD1B290A910F00FBA0C4 /* Extensions+CALayer.swift */; };
		E5FA3C3429189FC900CEEDF0 /* Extensions+UICollectionView.swift in Sources */ = {isa = PBXBuildFile; fileRef = E5FA3C3329189FC900CEEDF0 /* Extensions+UICollectionView.swift */; };
/* End PBXBuildFile section */

/* Begin PBXFileReference section */
		E51298B02909689E00C3A764 /* GithubMainScreen.app */ = {isa = PBXFileReference; explicitFileType = wrapper.application; includeInIndex = 0; path = GithubMainScreen.app; sourceTree = BUILT_PRODUCTS_DIR; };
		E51298B32909689E00C3A764 /* AppDelegate.swift */ = {isa = PBXFileReference; lastKnownFileType = sourcecode.swift; path = AppDelegate.swift; sourceTree = "<group>"; };
		E51298B52909689E00C3A764 /* SceneDelegate.swift */ = {isa = PBXFileReference; lastKnownFileType = sourcecode.swift; path = SceneDelegate.swift; sourceTree = "<group>"; };
		E51298B72909689E00C3A764 /* ViewController.swift */ = {isa = PBXFileReference; lastKnownFileType = sourcecode.swift; path = ViewController.swift; sourceTree = "<group>"; };
		E51298BC2909689F00C3A764 /* Assets.xcassets */ = {isa = PBXFileReference; lastKnownFileType = folder.assetcatalog; path = Assets.xcassets; sourceTree = "<group>"; };
		E51298C12909689F00C3A764 /* Info.plist */ = {isa = PBXFileReference; lastKnownFileType = text.plist.xml; path = Info.plist; sourceTree = "<group>"; };
		E51298C729096C6000C3A764 /* Preview.swift */ = {isa = PBXFileReference; lastKnownFileType = sourcecode.swift; path = Preview.swift; sourceTree = "<group>"; };
		E51298C92909715B00C3A764 /* DescriptionSymbol.swift */ = {isa = PBXFileReference; lastKnownFileType = sourcecode.swift; path = DescriptionSymbol.swift; sourceTree = "<group>"; };
		E51E039029187442005A2AEC /* PinnedCell.swift */ = {isa = PBXFileReference; lastKnownFileType = sourcecode.swift; path = PinnedCell.swift; sourceTree = "<group>"; };
		E5D70560290A007B00A23251 /* BaseViewController.swift */ = {isa = PBXFileReference; lastKnownFileType = sourcecode.swift; path = BaseViewController.swift; sourceTree = "<group>"; };
		E5D70562290A485000A23251 /* DescriptionView.swift */ = {isa = PBXFileReference; lastKnownFileType = sourcecode.swift; path = DescriptionView.swift; sourceTree = "<group>"; };
		E5D70565290A494000A23251 /* NavigationSymbol.swift */ = {isa = PBXFileReference; lastKnownFileType = sourcecode.swift; path = NavigationSymbol.swift; sourceTree = "<group>"; };
		E5F3FD16290A7D0F00FBA0C4 /* MenuView.swift */ = {isa = PBXFileReference; lastKnownFileType = sourcecode.swift; path = MenuView.swift; sourceTree = "<group>"; };
		E5F3FD18290A7D3200FBA0C4 /* MenuSymbol.swift */ = {isa = PBXFileReference; lastKnownFileType = sourcecode.swift; path = MenuSymbol.swift; sourceTree = "<group>"; };
		E5F3FD1B290A910F00FBA0C4 /* Extensions+CALayer.swift */ = {isa = PBXFileReference; lastKnownFileType = sourcecode.swift; path = "Extensions+CALayer.swift"; sourceTree = "<group>"; };
		E5FA3C3329189FC900CEEDF0 /* Extensions+UICollectionView.swift */ = {isa = PBXFileReference; lastKnownFileType = sourcecode.swift; path = "Extensions+UICollectionView.swift"; sourceTree = "<group>"; };
/* End PBXFileReference section */

/* Begin PBXFrameworksBuildPhase section */
		E51298AD2909689E00C3A764 /* Frameworks */ = {
			isa = PBXFrameworksBuildPhase;
			buildActionMask = 2147483647;
			files = (
				E5D7055A2909743200A23251 /* Then in Frameworks */,
				E5D7055F2909FFEF00A23251 /* SnapKit in Frameworks */,
			);
			runOnlyForDeploymentPostprocessing = 0;
		};
/* End PBXFrameworksBuildPhase section */

/* Begin PBXGroup section */
		E51298A72909689E00C3A764 = {
			isa = PBXGroup;
			children = (
				E51298B22909689E00C3A764 /* GithubMainScreen */,
				E51298B12909689E00C3A764 /* Products */,
			);
			sourceTree = "<group>";
		};
		E51298B12909689E00C3A764 /* Products */ = {
			isa = PBXGroup;
			children = (
				E51298B02909689E00C3A764 /* GithubMainScreen.app */,
			);
			name = Products;
			sourceTree = "<group>";
		};
		E51298B22909689E00C3A764 /* GithubMainScreen */ = {
			isa = PBXGroup;
			children = (
				E56B473E290972E800872B1A /* Base */,
				E5F3FD1A290A90EC00FBA0C4 /* Extensions */,
				E5D70564290A490100A23251 /* Symbols */,
				E51298B72909689E00C3A764 /* ViewController.swift */,
				E5D70562290A485000A23251 /* DescriptionView.swift */,
				E5F3FD16290A7D0F00FBA0C4 /* MenuView.swift */,
				E51E039029187442005A2AEC /* PinnedCell.swift */,
				E51298C12909689F00C3A764 /* Info.plist */,
			);
			path = GithubMainScreen;
			sourceTree = "<group>";
		};
		E56B473E290972E800872B1A /* Base */ = {
			isa = PBXGroup;
			children = (
				E51298B32909689E00C3A764 /* AppDelegate.swift */,
				E51298B52909689E00C3A764 /* SceneDelegate.swift */,
				E5D70560290A007B00A23251 /* BaseViewController.swift */,
				E51298C729096C6000C3A764 /* Preview.swift */,
				E51298BC2909689F00C3A764 /* Assets.xcassets */,
			);
			path = Base;
			sourceTree = "<group>";
		};
		E5D70564290A490100A23251 /* Symbols */ = {
			isa = PBXGroup;
			children = (
				E51298C92909715B00C3A764 /* DescriptionSymbol.swift */,
				E5D70565290A494000A23251 /* NavigationSymbol.swift */,
				E5F3FD18290A7D3200FBA0C4 /* MenuSymbol.swift */,
			);
			path = Symbols;
			sourceTree = "<group>";
		};
		E5F3FD1A290A90EC00FBA0C4 /* Extensions */ = {
			isa = PBXGroup;
			children = (
				E5F3FD1B290A910F00FBA0C4 /* Extensions+CALayer.swift */,
				E5FA3C3329189FC900CEEDF0 /* Extensions+UICollectionView.swift */,
			);
			path = Extensions;
			sourceTree = "<group>";
		};
/* End PBXGroup section */

/* Begin PBXNativeTarget section */
		E51298AF2909689E00C3A764 /* GithubMainScreen */ = {
			isa = PBXNativeTarget;
			buildConfigurationList = E51298C42909689F00C3A764 /* Build configuration list for PBXNativeTarget "GithubMainScreen" */;
			buildPhases = (
				E51298AC2909689E00C3A764 /* Sources */,
				E51298AD2909689E00C3A764 /* Frameworks */,
				E51298AE2909689E00C3A764 /* Resources */,
			);
			buildRules = (
			);
			dependencies = (
			);
			name = GithubMainScreen;
			packageProductDependencies = (
				E5D705592909743200A23251 /* Then */,
				E5D7055E2909FFEF00A23251 /* SnapKit */,
			);
			productName = GithubMainScreen;
			productReference = E51298B02909689E00C3A764 /* GithubMainScreen.app */;
			productType = "com.apple.product-type.application";
		};
/* End PBXNativeTarget section */

/* Begin PBXProject section */
		E51298A82909689E00C3A764 /* Project object */ = {
			isa = PBXProject;
			attributes = {
				BuildIndependentTargetsInParallel = 1;
				LastSwiftUpdateCheck = 1400;
				LastUpgradeCheck = 1400;
				TargetAttributes = {
					E51298AF2909689E00C3A764 = {
						CreatedOnToolsVersion = 14.0.1;
					};
				};
			};
			buildConfigurationList = E51298AB2909689E00C3A764 /* Build configuration list for PBXProject "GithubMainScreen" */;
			compatibilityVersion = "Xcode 14.0";
			developmentRegion = en;
			hasScannedForEncodings = 0;
			knownRegions = (
				en,
				Base,
			);
			mainGroup = E51298A72909689E00C3A764;
			packageReferences = (
				E5D705582909743200A23251 /* XCRemoteSwiftPackageReference "Then" */,
				E5D7055D2909FFEF00A23251 /* XCRemoteSwiftPackageReference "SnapKit" */,
			);
			productRefGroup = E51298B12909689E00C3A764 /* Products */;
			projectDirPath = "";
			projectRoot = "";
			targets = (
				E51298AF2909689E00C3A764 /* GithubMainScreen */,
			);
		};
/* End PBXProject section */

/* Begin PBXResourcesBuildPhase section */
		E51298AE2909689E00C3A764 /* Resources */ = {
			isa = PBXResourcesBuildPhase;
			buildActionMask = 2147483647;
			files = (
				E51298BD2909689F00C3A764 /* Assets.xcassets in Resources */,
			);
			runOnlyForDeploymentPostprocessing = 0;
		};
/* End PBXResourcesBuildPhase section */

/* Begin PBXSourcesBuildPhase section */
		E51298AC2909689E00C3A764 /* Sources */ = {
			isa = PBXSourcesBuildPhase;
			buildActionMask = 2147483647;
			files = (
				E51298B82909689E00C3A764 /* ViewController.swift in Sources */,
				E5D70563290A485000A23251 /* DescriptionView.swift in Sources */,
				E51298B42909689E00C3A764 /* AppDelegate.swift in Sources */,
				E5D70566290A494000A23251 /* NavigationSymbol.swift in Sources */,
				E5F3FD19290A7D3200FBA0C4 /* MenuSymbol.swift in Sources */,
				E5F3FD1C290A910F00FBA0C4 /* Extensions+CALayer.swift in Sources */,
				E5F3FD17290A7D0F00FBA0C4 /* MenuView.swift in Sources */,
				E51298CA2909715B00C3A764 /* DescriptionSymbol.swift in Sources */,
				E51298C829096C6000C3A764 /* Preview.swift in Sources */,
				E51E039129187442005A2AEC /* PinnedCell.swift in Sources */,
				E5D70561290A007B00A23251 /* BaseViewController.swift in Sources */,
				E5FA3C3429189FC900CEEDF0 /* Extensions+UICollectionView.swift in Sources */,
				E51298B62909689E00C3A764 /* SceneDelegate.swift in Sources */,
			);
			runOnlyForDeploymentPostprocessing = 0;
		};
/* End PBXSourcesBuildPhase section */

/* Begin XCBuildConfiguration section */
		E51298C22909689F00C3A764 /* Debug */ = {
			isa = XCBuildConfiguration;
			buildSettings = {
				ALWAYS_SEARCH_USER_PATHS = NO;
				CLANG_ANALYZER_NONNULL = YES;
				CLANG_ANALYZER_NUMBER_OBJECT_CONVERSION = YES_AGGRESSIVE;
				CLANG_CXX_LANGUAGE_STANDARD = "gnu++20";
				CLANG_ENABLE_MODULES = YES;
				CLANG_ENABLE_OBJC_ARC = YES;
				CLANG_ENABLE_OBJC_WEAK = YES;
				CLANG_WARN_BLOCK_CAPTURE_AUTORELEASING = YES;
				CLANG_WARN_BOOL_CONVERSION = YES;
				CLANG_WARN_COMMA = YES;
				CLANG_WARN_CONSTANT_CONVERSION = YES;
				CLANG_WARN_DEPRECATED_OBJC_IMPLEMENTATIONS = YES;
				CLANG_WARN_DIRECT_OBJC_ISA_USAGE = YES_ERROR;
				CLANG_WARN_DOCUMENTATION_COMMENTS = YES;
				CLANG_WARN_EMPTY_BODY = YES;
				CLANG_WARN_ENUM_CONVERSION = YES;
				CLANG_WARN_INFINITE_RECURSION = YES;
				CLANG_WARN_INT_CONVERSION = YES;
				CLANG_WARN_NON_LITERAL_NULL_CONVERSION = YES;
				CLANG_WARN_OBJC_IMPLICIT_RETAIN_SELF = YES;
				CLANG_WARN_OBJC_LITERAL_CONVERSION = YES;
				CLANG_WARN_OBJC_ROOT_CLASS = YES_ERROR;
				CLANG_WARN_QUOTED_INCLUDE_IN_FRAMEWORK_HEADER = YES;
				CLANG_WARN_RANGE_LOOP_ANALYSIS = YES;
				CLANG_WARN_STRICT_PROTOTYPES = YES;
				CLANG_WARN_SUSPICIOUS_MOVE = YES;
				CLANG_WARN_UNGUARDED_AVAILABILITY = YES_AGGRESSIVE;
				CLANG_WARN_UNREACHABLE_CODE = YES;
				CLANG_WARN__DUPLICATE_METHOD_MATCH = YES;
				COPY_PHASE_STRIP = NO;
				DEBUG_INFORMATION_FORMAT = dwarf;
				ENABLE_STRICT_OBJC_MSGSEND = YES;
				ENABLE_TESTABILITY = YES;
				GCC_C_LANGUAGE_STANDARD = gnu11;
				GCC_DYNAMIC_NO_PIC = NO;
				GCC_NO_COMMON_BLOCKS = YES;
				GCC_OPTIMIZATION_LEVEL = 0;
				GCC_PREPROCESSOR_DEFINITIONS = (
					"DEBUG=1",
					"$(inherited)",
				);
				GCC_WARN_64_TO_32_BIT_CONVERSION = YES;
				GCC_WARN_ABOUT_RETURN_TYPE = YES_ERROR;
				GCC_WARN_UNDECLARED_SELECTOR = YES;
				GCC_WARN_UNINITIALIZED_AUTOS = YES_AGGRESSIVE;
				GCC_WARN_UNUSED_FUNCTION = YES;
				GCC_WARN_UNUSED_VARIABLE = YES;
				IPHONEOS_DEPLOYMENT_TARGET = 16.0;
				MTL_ENABLE_DEBUG_INFO = INCLUDE_SOURCE;
				MTL_FAST_MATH = YES;
				ONLY_ACTIVE_ARCH = YES;
				SDKROOT = iphoneos;
				SWIFT_ACTIVE_COMPILATION_CONDITIONS = DEBUG;
				SWIFT_OPTIMIZATION_LEVEL = "-Onone";
			};
			name = Debug;
		};
		E51298C32909689F00C3A764 /* Release */ = {
			isa = XCBuildConfiguration;
			buildSettings = {
				ALWAYS_SEARCH_USER_PATHS = NO;
				CLANG_ANALYZER_NONNULL = YES;
				CLANG_ANALYZER_NUMBER_OBJECT_CONVERSION = YES_AGGRESSIVE;
				CLANG_CXX_LANGUAGE_STANDARD = "gnu++20";
				CLANG_ENABLE_MODULES = YES;
				CLANG_ENABLE_OBJC_ARC = YES;
				CLANG_ENABLE_OBJC_WEAK = YES;
				CLANG_WARN_BLOCK_CAPTURE_AUTORELEASING = YES;
				CLANG_WARN_BOOL_CONVERSION = YES;
				CLANG_WARN_COMMA = YES;
				CLANG_WARN_CONSTANT_CONVERSION = YES;
				CLANG_WARN_DEPRECATED_OBJC_IMPLEMENTATIONS = YES;
				CLANG_WARN_DIRECT_OBJC_ISA_USAGE = YES_ERROR;
				CLANG_WARN_DOCUMENTATION_COMMENTS = YES;
				CLANG_WARN_EMPTY_BODY = YES;
				CLANG_WARN_ENUM_CONVERSION = YES;
				CLANG_WARN_INFINITE_RECURSION = YES;
				CLANG_WARN_INT_CONVERSION = YES;
				CLANG_WARN_NON_LITERAL_NULL_CONVERSION = YES;
				CLANG_WARN_OBJC_IMPLICIT_RETAIN_SELF = YES;
				CLANG_WARN_OBJC_LITERAL_CONVERSION = YES;
				CLANG_WARN_OBJC_ROOT_CLASS = YES_ERROR;
				CLANG_WARN_QUOTED_INCLUDE_IN_FRAMEWORK_HEADER = YES;
				CLANG_WARN_RANGE_LOOP_ANALYSIS = YES;
				CLANG_WARN_STRICT_PROTOTYPES = YES;
				CLANG_WARN_SUSPICIOUS_MOVE = YES;
				CLANG_WARN_UNGUARDED_AVAILABILITY = YES_AGGRESSIVE;
				CLANG_WARN_UNREACHABLE_CODE = YES;
				CLANG_WARN__DUPLICATE_METHOD_MATCH = YES;
				COPY_PHASE_STRIP = NO;
				DEBUG_INFORMATION_FORMAT = "dwarf-with-dsym";
				ENABLE_NS_ASSERTIONS = NO;
				ENABLE_STRICT_OBJC_MSGSEND = YES;
				GCC_C_LANGUAGE_STANDARD = gnu11;
				GCC_NO_COMMON_BLOCKS = YES;
				GCC_WARN_64_TO_32_BIT_CONVERSION = YES;
				GCC_WARN_ABOUT_RETURN_TYPE = YES_ERROR;
				GCC_WARN_UNDECLARED_SELECTOR = YES;
				GCC_WARN_UNINITIALIZED_AUTOS = YES_AGGRESSIVE;
				GCC_WARN_UNUSED_FUNCTION = YES;
				GCC_WARN_UNUSED_VARIABLE = YES;
				IPHONEOS_DEPLOYMENT_TARGET = 16.0;
				MTL_ENABLE_DEBUG_INFO = NO;
				MTL_FAST_MATH = YES;
				SDKROOT = iphoneos;
				SWIFT_COMPILATION_MODE = wholemodule;
				SWIFT_OPTIMIZATION_LEVEL = "-O";
				VALIDATE_PRODUCT = YES;
			};
			name = Release;
		};
		E51298C52909689F00C3A764 /* Debug */ = {
			isa = XCBuildConfiguration;
			buildSettings = {
				ASSETCATALOG_COMPILER_APPICON_NAME = AppIcon;
				ASSETCATALOG_COMPILER_GLOBAL_ACCENT_COLOR_NAME = AccentColor;
				CODE_SIGN_STYLE = Automatic;
				CURRENT_PROJECT_VERSION = 1;
				DEVELOPMENT_TEAM = 95JTZ6AP78;
				GENERATE_INFOPLIST_FILE = YES;
				INFOPLIST_FILE = GithubMainScreen/Info.plist;
				INFOPLIST_KEY_UIApplicationSupportsIndirectInputEvents = YES;
				INFOPLIST_KEY_UILaunchStoryboardName = LaunchScreen;
				INFOPLIST_KEY_UIRequiresFullScreen = NO;
				INFOPLIST_KEY_UIStatusBarStyle = UIStatusBarStyleLightContent;
				INFOPLIST_KEY_UISupportedInterfaceOrientations_iPad = "UIInterfaceOrientationPortrait UIInterfaceOrientationPortraitUpsideDown UIInterfaceOrientationLandscapeLeft UIInterfaceOrientationLandscapeRight";
				INFOPLIST_KEY_UISupportedInterfaceOrientations_iPhone = "UIInterfaceOrientationPortrait UIInterfaceOrientationLandscapeLeft UIInterfaceOrientationLandscapeRight";
				LD_RUNPATH_SEARCH_PATHS = (
					"$(inherited)",
					"@executable_path/Frameworks",
				);
				MARKETING_VERSION = 1.0;
				PRODUCT_BUNDLE_IDENTIFIER = eungcheol.GithubMainScreen;
				PRODUCT_NAME = "$(TARGET_NAME)";
				SWIFT_EMIT_LOC_STRINGS = YES;
				SWIFT_VERSION = 5.0;
				TARGETED_DEVICE_FAMILY = "1,2";
			};
			name = Debug;
		};
		E51298C62909689F00C3A764 /* Release */ = {
			isa = XCBuildConfiguration;
			buildSettings = {
				ASSETCATALOG_COMPILER_APPICON_NAME = AppIcon;
				ASSETCATALOG_COMPILER_GLOBAL_ACCENT_COLOR_NAME = AccentColor;
				CODE_SIGN_STYLE = Automatic;
				CURRENT_PROJECT_VERSION = 1;
				DEVELOPMENT_TEAM = 95JTZ6AP78;
				GENERATE_INFOPLIST_FILE = YES;
				INFOPLIST_FILE = GithubMainScreen/Info.plist;
				INFOPLIST_KEY_UIApplicationSupportsIndirectInputEvents = YES;
				INFOPLIST_KEY_UILaunchStoryboardName = LaunchScreen;
				INFOPLIST_KEY_UIRequiresFullScreen = NO;
				INFOPLIST_KEY_UIStatusBarStyle = UIStatusBarStyleLightContent;
				INFOPLIST_KEY_UISupportedInterfaceOrientations_iPad = "UIInterfaceOrientationPortrait UIInterfaceOrientationPortraitUpsideDown UIInterfaceOrientationLandscapeLeft UIInterfaceOrientationLandscapeRight";
				INFOPLIST_KEY_UISupportedInterfaceOrientations_iPhone = "UIInterfaceOrientationPortrait UIInterfaceOrientationLandscapeLeft UIInterfaceOrientationLandscapeRight";
				LD_RUNPATH_SEARCH_PATHS = (
					"$(inherited)",
					"@executable_path/Frameworks",
				);
				MARKETING_VERSION = 1.0;
				PRODUCT_BUNDLE_IDENTIFIER = eungcheol.GithubMainScreen;
				PRODUCT_NAME = "$(TARGET_NAME)";
				SWIFT_EMIT_LOC_STRINGS = YES;
				SWIFT_VERSION = 5.0;
				TARGETED_DEVICE_FAMILY = "1,2";
			};
			name = Release;
		};
/* End XCBuildConfiguration section */

/* Begin XCConfigurationList section */
		E51298AB2909689E00C3A764 /* Build configuration list for PBXProject "GithubMainScreen" */ = {
			isa = XCConfigurationList;
			buildConfigurations = (
				E51298C22909689F00C3A764 /* Debug */,
				E51298C32909689F00C3A764 /* Release */,
			);
			defaultConfigurationIsVisible = 0;
			defaultConfigurationName = Release;
		};
		E51298C42909689F00C3A764 /* Build configuration list for PBXNativeTarget "GithubMainScreen" */ = {
			isa = XCConfigurationList;
			buildConfigurations = (
				E51298C52909689F00C3A764 /* Debug */,
				E51298C62909689F00C3A764 /* Release */,
			);
			defaultConfigurationIsVisible = 0;
			defaultConfigurationName = Release;
		};
/* End XCConfigurationList section */

/* Begin XCRemoteSwiftPackageReference section */
		E5D705582909743200A23251 /* XCRemoteSwiftPackageReference "Then" */ = {
			isa = XCRemoteSwiftPackageReference;
			repositoryURL = "https://github.com/devxoul/Then.git";
			requirement = {
				kind = upToNextMajorVersion;
				minimumVersion = 3.0.0;
			};
		};
		E5D7055D2909FFEF00A23251 /* XCRemoteSwiftPackageReference "SnapKit" */ = {
			isa = XCRemoteSwiftPackageReference;
			repositoryURL = "https://github.com/SnapKit/SnapKit.git";
			requirement = {
				kind = upToNextMajorVersion;
				minimumVersion = 5.0.0;
			};
		};
/* End XCRemoteSwiftPackageReference section */

/* Begin XCSwiftPackageProductDependency section */
		E5D705592909743200A23251 /* Then */ = {
			isa = XCSwiftPackageProductDependency;
			package = E5D705582909743200A23251 /* XCRemoteSwiftPackageReference "Then" */;
			productName = Then;
		};
		E5D7055E2909FFEF00A23251 /* SnapKit */ = {
			isa = XCSwiftPackageProductDependency;
			package = E5D7055D2909FFEF00A23251 /* XCRemoteSwiftPackageReference "SnapKit" */;
			productName = SnapKit;
		};
/* End XCSwiftPackageProductDependency section */
	};
	rootObject = E51298A82909689E00C3A764 /* Project object */;
}
